
Microsoft Visual Studio Solution File, Format Version 12.00
# Visual Studio Version 17
VisualStudioVersion = 17.6.33815.320
MinimumVisualStudioVersion = 10.0.40219.1
Project("{FAE04EC0-301F-11D3-BF4B-00C04F79EFBC}") = "Pedidos_API", "Pedidos_API\Pedidos_API.csproj", "{CEC5DE94-72E6-4354-BB21-C5BC0214AA68}"
EndProject
Global
	GlobalSection(SolutionConfigurationPlatforms) = preSolution
		Debug|Any CPU = Debug|Any CPU
		Release|Any CPU = Release|Any CPU
	EndGlobalSection
	GlobalSection(ProjectConfigurationPlatforms) = postSolution
		{CEC5DE94-72E6-4354-BB21-C5BC0214AA68}.Debug|Any CPU.ActiveCfg = Debug|Any CPU
		{CEC5DE94-72E6-4354-BB21-C5BC0214AA68}.Debug|Any CPU.Build.0 = Debug|Any CPU
		{CEC5DE94-72E6-4354-BB21-C5BC0214AA68}.Release|Any CPU.ActiveCfg = Release|Any CPU
		{CEC5DE94-72E6-4354-BB21-C5BC0214AA68}.Release|Any CPU.Build.0 = Release|Any CPU
	EndGlobalSection
	GlobalSection(SolutionProperties) = preSolution
		HideSolutionNode = FALSE
	EndGlobalSection
	GlobalSection(ExtensibilityGlobals) = postSolution
		SolutionGuid = {76FE3568-560B-4620-A7A0-B60B3A57F14E}
	EndGlobalSection
EndGlobal
